
Microsoft Visual Studio Solution File, Format Version 12.00
# Visual Studio Version 16
VisualStudioVersion = 16.0.32106.194
MinimumVisualStudioVersion = 10.0.40219.1
Project("{FAE04EC0-301F-11D3-BF4B-00C04F79EFBC}") = "GeekBrains_FinalTask", "GeekBrains_FinalTask\GeekBrains_FinalTask.csproj", "{EFFE56E1-BFB7-4FA2-BFCA-1D82F5F5A605}"
EndProject
Global
	GlobalSection(SolutionConfigurationPlatforms) = preSolution
		Debug|Any CPU = Debug|Any CPU
		Release|Any CPU = Release|Any CPU
	EndGlobalSection
	GlobalSection(ProjectConfigurationPlatforms) = postSolution
		{EFFE56E1-BFB7-4FA2-BFCA-1D82F5F5A605}.Debug|Any CPU.ActiveCfg = Debug|Any CPU
		{EFFE56E1-BFB7-4FA2-BFCA-1D82F5F5A605}.Debug|Any CPU.Build.0 = Debug|Any CPU
		{EFFE56E1-BFB7-4FA2-BFCA-1D82F5F5A605}.Release|Any CPU.ActiveCfg = Release|Any CPU
		{EFFE56E1-BFB7-4FA2-BFCA-1D82F5F5A605}.Release|Any CPU.Build.0 = Release|Any CPU
	EndGlobalSection
	GlobalSection(SolutionProperties) = preSolution
		HideSolutionNode = FALSE
	EndGlobalSection
	GlobalSection(ExtensibilityGlobals) = postSolution
		SolutionGuid = {30D7FC70-F6EF-4C15-B05A-A1E825BA8C60}
	EndGlobalSection
EndGlobal
